
Microsoft Visual Studio Solution File, Format Version 12.00
# Visual Studio Version 17
VisualStudioVersion = 17.7.34221.43
MinimumVisualStudioVersion = 10.0.40219.1
Project("{8BC9CEB8-8B4A-11D0-8D11-00A0C91BC942}") = "GLFinalWork", "GLFinalWork.vcxproj", "{D74D2AA6-B255-47E0-8C19-2F194B86B248}"
EndProject
Global
	GlobalSection(SolutionConfigurationPlatforms) = preSolution
		Debug|x64 = Debug|x64
		Release|x64 = Release|x64
	EndGlobalSection
	GlobalSection(ProjectConfigurationPlatforms) = postSolution
		{D74D2AA6-B255-47E0-8C19-2F194B86B248}.Debug|x64.ActiveCfg = Debug|x64
		{D74D2AA6-B255-47E0-8C19-2F194B86B248}.Debug|x64.Build.0 = Debug|x64
		{D74D2AA6-B255-47E0-8C19-2F194B86B248}.Release|x64.ActiveCfg = Release|x64
		{D74D2AA6-B255-47E0-8C19-2F194B86B248}.Release|x64.Build.0 = Release|x64
	EndGlobalSection
	GlobalSection(SolutionProperties) = preSolution
		HideSolutionNode = FALSE
	EndGlobalSection
	GlobalSection(ExtensibilityGlobals) = postSolution
		SolutionGuid = {80B3BB6A-831E-4E8B-8303-AB0CA7B0F68C}
	EndGlobalSection
EndGlobal
